{
  "originHash" : "023d7faae7fb8de75dfa18aa709769276a245b84bd8e85e54a5f964edc937648",
  "pins" : [
    {
      "identity" : "alamofire",
      "kind" : "remoteSourceControl",
      "location" : "https://github.com/Alamofire/Alamofire.git",
      "state" : {
        "revision" : "513364f870f6bfc468f9d2ff0a95caccc10044c5",
        "version" : "5.10.2"
      }
    },
    {
      "identity" : "kingfisher",
      "kind" : "remoteSourceControl",
      "location" : "https://github.com/onevcat/Kingfisher",
      "state" : {
        "revision" : "2015fda791daa72c8058619545a593bf8c1dd59f",
        "version" : "8.5.0"
      }
    }
  ],
  "version" : 3
}
